
Microsoft Visual Studio Solution File, Format Version 12.00
# Visual Studio Version 17
VisualStudioVersion = 17.7.34031.279
MinimumVisualStudioVersion = 10.0.40219.1
Project("{9A19103F-16F7-4668-BE54-9A1E7A4F7556}") = "EmployeeManagement.Api", "EmployeeManagement.Api\EmployeeManagement.Api.csproj", "{032AC6CA-3E5A-4DE8-8E05-2D4FAB14013F}"
EndProject
Project("{9A19103F-16F7-4668-BE54-9A1E7A4F7556}") = "EmployeeManagement.MAUI", "..\UserManagement\UserManagement.MAUI\EmployeeManagement.MAUI.csproj", "{4A600AAF-2B96-4E14-A12A-5D420EFC9A24}"
EndProject
Global
	GlobalSection(SolutionConfigurationPlatforms) = preSolution
		Debug|Any CPU = Debug|Any CPU
		Release|Any CPU = Release|Any CPU
	EndGlobalSection
	GlobalSection(ProjectConfigurationPlatforms) = postSolution
		{032AC6CA-3E5A-4DE8-8E05-2D4FAB14013F}.Debug|Any CPU.ActiveCfg = Debug|Any CPU
		{032AC6CA-3E5A-4DE8-8E05-2D4FAB14013F}.Debug|Any CPU.Build.0 = Debug|Any CPU
		{032AC6CA-3E5A-4DE8-8E05-2D4FAB14013F}.Release|Any CPU.ActiveCfg = Release|Any CPU
		{032AC6CA-3E5A-4DE8-8E05-2D4FAB14013F}.Release|Any CPU.Build.0 = Release|Any CPU
		{4A600AAF-2B96-4E14-A12A-5D420EFC9A24}.Debug|Any CPU.ActiveCfg = Debug|Any CPU
		{4A600AAF-2B96-4E14-A12A-5D420EFC9A24}.Debug|Any CPU.Build.0 = Debug|Any CPU
		{4A600AAF-2B96-4E14-A12A-5D420EFC9A24}.Debug|Any CPU.Deploy.0 = Debug|Any CPU
		{4A600AAF-2B96-4E14-A12A-5D420EFC9A24}.Release|Any CPU.ActiveCfg = Release|Any CPU
		{4A600AAF-2B96-4E14-A12A-5D420EFC9A24}.Release|Any CPU.Build.0 = Release|Any CPU
		{4A600AAF-2B96-4E14-A12A-5D420EFC9A24}.Release|Any CPU.Deploy.0 = Release|Any CPU
	EndGlobalSection
	GlobalSection(SolutionProperties) = preSolution
		HideSolutionNode = FALSE
	EndGlobalSection
	GlobalSection(ExtensibilityGlobals) = postSolution
		SolutionGuid = {E02128AC-7F41-4ED1-B61E-6153B1FF594D}
	EndGlobalSection
EndGlobal
